
Microsoft Visual Studio Solution File, Format Version 12.00
# Visual Studio Version 16
VisualStudioVersion = 16.0.31205.134
MinimumVisualStudioVersion = 10.0.40219.1
Project("{FAE04EC0-301F-11D3-BF4B-00C04F79EFBC}") = "fukuvHensu", "fukuvHensu\fukuvHensu.csproj", "{1876CD82-7AA4-4AED-8E23-29881049215C}"
EndProject
Global
	GlobalSection(SolutionConfigurationPlatforms) = preSolution
		Debug|Any CPU = Debug|Any CPU
		Release|Any CPU = Release|Any CPU
	EndGlobalSection
	GlobalSection(ProjectConfigurationPlatforms) = postSolution
		{1876CD82-7AA4-4AED-8E23-29881049215C}.Debug|Any CPU.ActiveCfg = Debug|Any CPU
		{1876CD82-7AA4-4AED-8E23-29881049215C}.Debug|Any CPU.Build.0 = Debug|Any CPU
		{1876CD82-7AA4-4AED-8E23-29881049215C}.Release|Any CPU.ActiveCfg = Release|Any CPU
		{1876CD82-7AA4-4AED-8E23-29881049215C}.Release|Any CPU.Build.0 = Release|Any CPU
	EndGlobalSection
	GlobalSection(SolutionProperties) = preSolution
		HideSolutionNode = FALSE
	EndGlobalSection
	GlobalSection(ExtensibilityGlobals) = postSolution
		SolutionGuid = {497F6A64-C037-4724-993E-69F99DFD0251}
	EndGlobalSection
EndGlobal
